
Microsoft Visual Studio Solution File, Format Version 11.00
# Visual Studio 2010
Project("{FAE04EC0-301F-11D3-BF4B-00C04F79EFBC}") = "WebServiceAcess", "WebServiceAcess\WebServiceAcess.csproj", "{358887B9-71D9-41D8-BFF4-117EB28EB700}"
EndProject
Project("{FAE04EC0-301F-11D3-BF4B-00C04F79EFBC}") = "CIDAO", "CIDao\CIDAO.csproj", "{A9708C0A-CB12-4365-846E-D8975182B166}"
EndProject
Project("{FAE04EC0-301F-11D3-BF4B-00C04F79EFBC}") = "CIFacade", "CIFacade\CIFacade.csproj", "{68EEE075-7966-4E54-B4C7-B51A3F764491}"
EndProject
Global
	GlobalSection(SolutionConfigurationPlatforms) = preSolution
		Debug|Any CPU = Debug|Any CPU
		Release|Any CPU = Release|Any CPU
	EndGlobalSection
	GlobalSection(ProjectConfigurationPlatforms) = postSolution
		{358887B9-71D9-41D8-BFF4-117EB28EB700}.Debug|Any CPU.ActiveCfg = Debug|Any CPU
		{358887B9-71D9-41D8-BFF4-117EB28EB700}.Debug|Any CPU.Build.0 = Debug|Any CPU
		{358887B9-71D9-41D8-BFF4-117EB28EB700}.Release|Any CPU.ActiveCfg = Release|Any CPU
		{358887B9-71D9-41D8-BFF4-117EB28EB700}.Release|Any CPU.Build.0 = Release|Any CPU
		{A9708C0A-CB12-4365-846E-D8975182B166}.Debug|Any CPU.ActiveCfg = Debug|Any CPU
		{A9708C0A-CB12-4365-846E-D8975182B166}.Debug|Any CPU.Build.0 = Debug|Any CPU
		{A9708C0A-CB12-4365-846E-D8975182B166}.Release|Any CPU.ActiveCfg = Release|Any CPU
		{A9708C0A-CB12-4365-846E-D8975182B166}.Release|Any CPU.Build.0 = Release|Any CPU
		{68EEE075-7966-4E54-B4C7-B51A3F764491}.Debug|Any CPU.ActiveCfg = Debug|Any CPU
		{68EEE075-7966-4E54-B4C7-B51A3F764491}.Debug|Any CPU.Build.0 = Debug|Any CPU
		{68EEE075-7966-4E54-B4C7-B51A3F764491}.Release|Any CPU.ActiveCfg = Release|Any CPU
		{68EEE075-7966-4E54-B4C7-B51A3F764491}.Release|Any CPU.Build.0 = Release|Any CPU
	EndGlobalSection
	GlobalSection(SolutionProperties) = preSolution
		HideSolutionNode = FALSE
	EndGlobalSection
EndGlobal
